
Microsoft Visual Studio Solution File, Format Version 12.00
Project("{2150E333-8FDC-42A3-9474-1A3956D46DE8}") = "Solution Items", "Solution Items", "{BC60AF27-1FB6-4C26-8461-CAFE552DC67E}"
	ProjectSection(SolutionItems) = preProject
		Solution Items\ServiceUrls.txt = Solution Items\ServiceUrls.txt
	EndProjectSection
EndProject
Project("{2150E333-8FDC-42A3-9474-1A3956D46DE8}") = "src", "src", "{5C9D631E-6584-4951-A4CF-C8595CB7E07A}"
EndProject
Project("{2150E333-8FDC-42A3-9474-1A3956D46DE8}") = "ApiGateways", "ApiGateways", "{6AB20074-FBF9-449E-868D-5CCB768FE623}"
EndProject
Project("{2150E333-8FDC-42A3-9474-1A3956D46DE8}") = "BuildingBlocks", "BuildingBlocks", "{3FBA008B-E822-4856-8E21-FB8C067BE441}"
EndProject
Project("{2150E333-8FDC-42A3-9474-1A3956D46DE8}") = "Clients", "Clients", "{64BE8D04-8DFB-4546-A818-5BBF64B4E3FD}"
EndProject
Project("{2150E333-8FDC-42A3-9474-1A3956D46DE8}") = "Services", "Services", "{1032CEC6-094A-465C-A7BF-52791A88716F}"
EndProject
Project("{2150E333-8FDC-42A3-9474-1A3956D46DE8}") = "WebApiGateway", "WebApiGateway", "{C51FC05B-936D-47AE-9EB8-95E5C7152EF7}"
EndProject
Project("{FAE04EC0-301F-11D3-BF4B-00C04F79EFBC}") = "Web.ApiGateway", "src\ApiGateways\WebApiGateway\Web.ApiGateway\Web.ApiGateway.csproj", "{125662D7-C251-44CB-9A3F-E9946E138141}"
EndProject
Project("{2150E333-8FDC-42A3-9474-1A3956D46DE8}") = "EventBus", "EventBus", "{678007DE-155D-4B0B-A2BF-A45E7F88E098}"
EndProject
Project("{FAE04EC0-301F-11D3-BF4B-00C04F79EFBC}") = "EventBus.Base", "src\BuildingBlocks\EventBus\EventBus.Base\EventBus.Base.csproj", "{1704994B-C2C5-4F31-8468-C3AE026E1DE6}"
EndProject
Project("{FAE04EC0-301F-11D3-BF4B-00C04F79EFBC}") = "EventBus.Factory", "src\BuildingBlocks\EventBus\EventBus.Factory\EventBus.Factory.csproj", "{6241DABC-7175-41DB-968D-624F46D539E7}"
EndProject
Project("{FAE04EC0-301F-11D3-BF4B-00C04F79EFBC}") = "EventBus.AzureServiceBus", "src\BuildingBlocks\EventBus\EventBus.AzureServiceBus\EventBus.AzureServiceBus.csproj", "{33420BA6-0BDF-4284-8B80-40DCA8D6A49C}"
EndProject
Project("{FAE04EC0-301F-11D3-BF4B-00C04F79EFBC}") = "EventBus.RabbitMQ", "src\BuildingBlocks\EventBus\EventBus.RabbitMQ\EventBus.RabbitMQ.csproj", "{4DDCACD8-4882-4258-AF54-8BEBBA970BE6}"
EndProject
Project("{2150E333-8FDC-42A3-9474-1A3956D46DE8}") = "WebClient", "WebClient", "{7D09ABEF-7D30-4F99-AE2F-F9A97342CB72}"
EndProject
Project("{FAE04EC0-301F-11D3-BF4B-00C04F79EFBC}") = "WebApp", "src\Clients\WebClient\WebApp\WebApp.csproj", "{D2EABC3C-7CF8-4EB9-B726-591C3A317125}"
EndProject
Project("{2150E333-8FDC-42A3-9474-1A3956D46DE8}") = "BasketService", "BasketService", "{554C31FD-2B4A-4B47-BB89-9FF5854A1445}"
EndProject
Project("{FAE04EC0-301F-11D3-BF4B-00C04F79EFBC}") = "BasketService.Api", "src\Services\BasketService\BasketService.Api\BasketService.Api.csproj", "{FBA883BF-2ED0-4F90-8BB2-CFD2048A4EDC}"
EndProject
Project("{2150E333-8FDC-42A3-9474-1A3956D46DE8}") = "CatalogService", "CatalogService", "{ACC5FE43-2ACA-40E6-B36E-9189C90EA1AB}"
EndProject
Project("{FAE04EC0-301F-11D3-BF4B-00C04F79EFBC}") = "CatalogService.Api", "src\Services\CatalogService.Api\CatalogService.Api\CatalogService.Api.csproj", "{949F1933-BD63-4455-863E-03AA17397161}"
EndProject
Project("{2150E333-8FDC-42A3-9474-1A3956D46DE8}") = "IdentityService", "IdentityService", "{EF952634-1B22-4643-B0E1-68D769C8CAEF}"
EndProject
Project("{FAE04EC0-301F-11D3-BF4B-00C04F79EFBC}") = "IdentityService.Api", "src\Services\IdentityService\IdentityService.Api\IdentityService.Api.csproj", "{7EC61809-BFF8-49E7-8C70-36707F9F5E6F}"
EndProject
Project("{2150E333-8FDC-42A3-9474-1A3956D46DE8}") = "NotificationService", "NotificationService", "{5E7E579D-5535-465B-BA67-BC443E1FC7C4}"
	ProjectSection(SolutionItems) = preProject
		src\Services\NotificationService\go.mod = src\Services\NotificationService\go.mod
		src\Services\NotificationService\NotificationService.go = src\Services\NotificationService\NotificationService.go
	EndProjectSection
EndProject
Project("{2150E333-8FDC-42A3-9474-1A3956D46DE8}") = "OrderService", "OrderService", "{6CEBF1D5-88C4-43E7-8934-0E58F3AA951A}"
EndProject
Project("{FAE04EC0-301F-11D3-BF4B-00C04F79EFBC}") = "OrderService.Domain", "src\Services\OrderService\OrderService.Domain\OrderService.Domain.csproj", "{33477D3F-AC17-45A0-B344-81C703F4963C}"
EndProject
Project("{FAE04EC0-301F-11D3-BF4B-00C04F79EFBC}") = "OrderService.Application", "src\Services\OrderService\OrderService.Application\OrderService.Application.csproj", "{4B5627BD-5EED-4129-A2AB-53F9ADD19655}"
EndProject
Project("{FAE04EC0-301F-11D3-BF4B-00C04F79EFBC}") = "OrderService.Infrastructure", "src\Services\OrderService\OrderService.Infrastructure\OrderService.Infrastructure.csproj", "{BF083DE1-E698-451F-97D1-D37F3EC203F3}"
EndProject
Project("{FAE04EC0-301F-11D3-BF4B-00C04F79EFBC}") = "OrderService.Api", "src\Services\OrderService\OrderService.Api\OrderService.Api.csproj", "{6C2777E7-13C7-4A09-8D7E-6C19BFE8D450}"
EndProject
Project("{2150E333-8FDC-42A3-9474-1A3956D46DE8}") = "PaymentService", "PaymentService", "{264FE974-68C1-4049-B786-49E0915EE30E}"
EndProject
Project("{FAE04EC0-301F-11D3-BF4B-00C04F79EFBC}") = "PaymentService.Api", "src\Services\PaymentService\PaymentService.Api\PaymentService.Api.csproj", "{F1BE1C23-01C7-4EF2-8282-4D89700E9B91}"
EndProject
Project("{2150E333-8FDC-42A3-9474-1A3956D46DE8}") = "tests", "tests", "{30BCE7B9-6C1F-4FFA-ADAB-4C4016968407}"
EndProject
Project("{2150E333-8FDC-42A3-9474-1A3956D46DE8}") = "BuildingBlocks", "BuildingBlocks", "{A14E8D04-08E4-4F95-AC13-082E54DBE309}"
EndProject
Project("{FAE04EC0-301F-11D3-BF4B-00C04F79EFBC}") = "EventBus.UnitTest", "tests\BuildingBlocks\EventBus.UnitTest\EventBus.UnitTest.csproj", "{2C8BBFC2-B740-46F9-9040-F9AA51BC4864}"
EndProject
Global
	GlobalSection(SolutionConfigurationPlatforms) = preSolution
		Debug|Any CPU = Debug|Any CPU
		Release|Any CPU = Release|Any CPU
	EndGlobalSection
	GlobalSection(NestedProjects) = preSolution
		{6AB20074-FBF9-449E-868D-5CCB768FE623} = {5C9D631E-6584-4951-A4CF-C8595CB7E07A}
		{3FBA008B-E822-4856-8E21-FB8C067BE441} = {5C9D631E-6584-4951-A4CF-C8595CB7E07A}
		{64BE8D04-8DFB-4546-A818-5BBF64B4E3FD} = {5C9D631E-6584-4951-A4CF-C8595CB7E07A}
		{1032CEC6-094A-465C-A7BF-52791A88716F} = {5C9D631E-6584-4951-A4CF-C8595CB7E07A}
		{C51FC05B-936D-47AE-9EB8-95E5C7152EF7} = {6AB20074-FBF9-449E-868D-5CCB768FE623}
		{125662D7-C251-44CB-9A3F-E9946E138141} = {C51FC05B-936D-47AE-9EB8-95E5C7152EF7}
		{678007DE-155D-4B0B-A2BF-A45E7F88E098} = {3FBA008B-E822-4856-8E21-FB8C067BE441}
		{1704994B-C2C5-4F31-8468-C3AE026E1DE6} = {678007DE-155D-4B0B-A2BF-A45E7F88E098}
		{6241DABC-7175-41DB-968D-624F46D539E7} = {678007DE-155D-4B0B-A2BF-A45E7F88E098}
		{33420BA6-0BDF-4284-8B80-40DCA8D6A49C} = {678007DE-155D-4B0B-A2BF-A45E7F88E098}
		{4DDCACD8-4882-4258-AF54-8BEBBA970BE6} = {678007DE-155D-4B0B-A2BF-A45E7F88E098}
		{7D09ABEF-7D30-4F99-AE2F-F9A97342CB72} = {64BE8D04-8DFB-4546-A818-5BBF64B4E3FD}
		{D2EABC3C-7CF8-4EB9-B726-591C3A317125} = {7D09ABEF-7D30-4F99-AE2F-F9A97342CB72}
		{554C31FD-2B4A-4B47-BB89-9FF5854A1445} = {1032CEC6-094A-465C-A7BF-52791A88716F}
		{FBA883BF-2ED0-4F90-8BB2-CFD2048A4EDC} = {554C31FD-2B4A-4B47-BB89-9FF5854A1445}
		{ACC5FE43-2ACA-40E6-B36E-9189C90EA1AB} = {1032CEC6-094A-465C-A7BF-52791A88716F}
		{949F1933-BD63-4455-863E-03AA17397161} = {ACC5FE43-2ACA-40E6-B36E-9189C90EA1AB}
		{EF952634-1B22-4643-B0E1-68D769C8CAEF} = {1032CEC6-094A-465C-A7BF-52791A88716F}
		{7EC61809-BFF8-49E7-8C70-36707F9F5E6F} = {EF952634-1B22-4643-B0E1-68D769C8CAEF}
		{5E7E579D-5535-465B-BA67-BC443E1FC7C4} = {1032CEC6-094A-465C-A7BF-52791A88716F}
		{6CEBF1D5-88C4-43E7-8934-0E58F3AA951A} = {1032CEC6-094A-465C-A7BF-52791A88716F}
		{33477D3F-AC17-45A0-B344-81C703F4963C} = {6CEBF1D5-88C4-43E7-8934-0E58F3AA951A}
		{4B5627BD-5EED-4129-A2AB-53F9ADD19655} = {6CEBF1D5-88C4-43E7-8934-0E58F3AA951A}
		{BF083DE1-E698-451F-97D1-D37F3EC203F3} = {6CEBF1D5-88C4-43E7-8934-0E58F3AA951A}
		{6C2777E7-13C7-4A09-8D7E-6C19BFE8D450} = {6CEBF1D5-88C4-43E7-8934-0E58F3AA951A}
		{264FE974-68C1-4049-B786-49E0915EE30E} = {1032CEC6-094A-465C-A7BF-52791A88716F}
		{F1BE1C23-01C7-4EF2-8282-4D89700E9B91} = {264FE974-68C1-4049-B786-49E0915EE30E}
		{A14E8D04-08E4-4F95-AC13-082E54DBE309} = {30BCE7B9-6C1F-4FFA-ADAB-4C4016968407}
		{2C8BBFC2-B740-46F9-9040-F9AA51BC4864} = {A14E8D04-08E4-4F95-AC13-082E54DBE309}
	EndGlobalSection
	GlobalSection(ProjectConfigurationPlatforms) = postSolution
		{125662D7-C251-44CB-9A3F-E9946E138141}.Debug|Any CPU.ActiveCfg = Debug|Any CPU
		{125662D7-C251-44CB-9A3F-E9946E138141}.Debug|Any CPU.Build.0 = Debug|Any CPU
		{125662D7-C251-44CB-9A3F-E9946E138141}.Release|Any CPU.ActiveCfg = Release|Any CPU
		{125662D7-C251-44CB-9A3F-E9946E138141}.Release|Any CPU.Build.0 = Release|Any CPU
		{1704994B-C2C5-4F31-8468-C3AE026E1DE6}.Debug|Any CPU.ActiveCfg = Debug|Any CPU
		{1704994B-C2C5-4F31-8468-C3AE026E1DE6}.Debug|Any CPU.Build.0 = Debug|Any CPU
		{1704994B-C2C5-4F31-8468-C3AE026E1DE6}.Release|Any CPU.ActiveCfg = Release|Any CPU
		{1704994B-C2C5-4F31-8468-C3AE026E1DE6}.Release|Any CPU.Build.0 = Release|Any CPU
		{6241DABC-7175-41DB-968D-624F46D539E7}.Debug|Any CPU.ActiveCfg = Debug|Any CPU
		{6241DABC-7175-41DB-968D-624F46D539E7}.Debug|Any CPU.Build.0 = Debug|Any CPU
		{6241DABC-7175-41DB-968D-624F46D539E7}.Release|Any CPU.ActiveCfg = Release|Any CPU
		{6241DABC-7175-41DB-968D-624F46D539E7}.Release|Any CPU.Build.0 = Release|Any CPU
		{33420BA6-0BDF-4284-8B80-40DCA8D6A49C}.Debug|Any CPU.ActiveCfg = Debug|Any CPU
		{33420BA6-0BDF-4284-8B80-40DCA8D6A49C}.Debug|Any CPU.Build.0 = Debug|Any CPU
		{33420BA6-0BDF-4284-8B80-40DCA8D6A49C}.Release|Any CPU.ActiveCfg = Release|Any CPU
		{33420BA6-0BDF-4284-8B80-40DCA8D6A49C}.Release|Any CPU.Build.0 = Release|Any CPU
		{4DDCACD8-4882-4258-AF54-8BEBBA970BE6}.Debug|Any CPU.ActiveCfg = Debug|Any CPU
		{4DDCACD8-4882-4258-AF54-8BEBBA970BE6}.Debug|Any CPU.Build.0 = Debug|Any CPU
		{4DDCACD8-4882-4258-AF54-8BEBBA970BE6}.Release|Any CPU.ActiveCfg = Release|Any CPU
		{4DDCACD8-4882-4258-AF54-8BEBBA970BE6}.Release|Any CPU.Build.0 = Release|Any CPU
		{D2EABC3C-7CF8-4EB9-B726-591C3A317125}.Debug|Any CPU.ActiveCfg = Debug|Any CPU
		{D2EABC3C-7CF8-4EB9-B726-591C3A317125}.Debug|Any CPU.Build.0 = Debug|Any CPU
		{D2EABC3C-7CF8-4EB9-B726-591C3A317125}.Release|Any CPU.ActiveCfg = Release|Any CPU
		{D2EABC3C-7CF8-4EB9-B726-591C3A317125}.Release|Any CPU.Build.0 = Release|Any CPU
		{FBA883BF-2ED0-4F90-8BB2-CFD2048A4EDC}.Debug|Any CPU.ActiveCfg = Debug|Any CPU
		{FBA883BF-2ED0-4F90-8BB2-CFD2048A4EDC}.Debug|Any CPU.Build.0 = Debug|Any CPU
		{FBA883BF-2ED0-4F90-8BB2-CFD2048A4EDC}.Release|Any CPU.ActiveCfg = Release|Any CPU
		{FBA883BF-2ED0-4F90-8BB2-CFD2048A4EDC}.Release|Any CPU.Build.0 = Release|Any CPU
		{949F1933-BD63-4455-863E-03AA17397161}.Debug|Any CPU.ActiveCfg = Debug|Any CPU
		{949F1933-BD63-4455-863E-03AA17397161}.Debug|Any CPU.Build.0 = Debug|Any CPU
		{949F1933-BD63-4455-863E-03AA17397161}.Release|Any CPU.ActiveCfg = Release|Any CPU
		{949F1933-BD63-4455-863E-03AA17397161}.Release|Any CPU.Build.0 = Release|Any CPU
		{7EC61809-BFF8-49E7-8C70-36707F9F5E6F}.Debug|Any CPU.ActiveCfg = Debug|Any CPU
		{7EC61809-BFF8-49E7-8C70-36707F9F5E6F}.Debug|Any CPU.Build.0 = Debug|Any CPU
		{7EC61809-BFF8-49E7-8C70-36707F9F5E6F}.Release|Any CPU.ActiveCfg = Release|Any CPU
		{7EC61809-BFF8-49E7-8C70-36707F9F5E6F}.Release|Any CPU.Build.0 = Release|Any CPU
		{33477D3F-AC17-45A0-B344-81C703F4963C}.Debug|Any CPU.ActiveCfg = Debug|Any CPU
		{33477D3F-AC17-45A0-B344-81C703F4963C}.Debug|Any CPU.Build.0 = Debug|Any CPU
		{33477D3F-AC17-45A0-B344-81C703F4963C}.Release|Any CPU.ActiveCfg = Release|Any CPU
		{33477D3F-AC17-45A0-B344-81C703F4963C}.Release|Any CPU.Build.0 = Release|Any CPU
		{4B5627BD-5EED-4129-A2AB-53F9ADD19655}.Debug|Any CPU.ActiveCfg = Debug|Any CPU
		{4B5627BD-5EED-4129-A2AB-53F9ADD19655}.Debug|Any CPU.Build.0 = Debug|Any CPU
		{4B5627BD-5EED-4129-A2AB-53F9ADD19655}.Release|Any CPU.ActiveCfg = Release|Any CPU
		{4B5627BD-5EED-4129-A2AB-53F9ADD19655}.Release|Any CPU.Build.0 = Release|Any CPU
		{BF083DE1-E698-451F-97D1-D37F3EC203F3}.Debug|Any CPU.ActiveCfg = Debug|Any CPU
		{BF083DE1-E698-451F-97D1-D37F3EC203F3}.Debug|Any CPU.Build.0 = Debug|Any CPU
		{BF083DE1-E698-451F-97D1-D37F3EC203F3}.Release|Any CPU.ActiveCfg = Release|Any CPU
		{BF083DE1-E698-451F-97D1-D37F3EC203F3}.Release|Any CPU.Build.0 = Release|Any CPU
		{6C2777E7-13C7-4A09-8D7E-6C19BFE8D450}.Debug|Any CPU.ActiveCfg = Debug|Any CPU
		{6C2777E7-13C7-4A09-8D7E-6C19BFE8D450}.Debug|Any CPU.Build.0 = Debug|Any CPU
		{6C2777E7-13C7-4A09-8D7E-6C19BFE8D450}.Release|Any CPU.ActiveCfg = Release|Any CPU
		{6C2777E7-13C7-4A09-8D7E-6C19BFE8D450}.Release|Any CPU.Build.0 = Release|Any CPU
		{F1BE1C23-01C7-4EF2-8282-4D89700E9B91}.Debug|Any CPU.ActiveCfg = Debug|Any CPU
		{F1BE1C23-01C7-4EF2-8282-4D89700E9B91}.Debug|Any CPU.Build.0 = Debug|Any CPU
		{F1BE1C23-01C7-4EF2-8282-4D89700E9B91}.Release|Any CPU.ActiveCfg = Release|Any CPU
		{F1BE1C23-01C7-4EF2-8282-4D89700E9B91}.Release|Any CPU.Build.0 = Release|Any CPU
		{2C8BBFC2-B740-46F9-9040-F9AA51BC4864}.Debug|Any CPU.ActiveCfg = Debug|Any CPU
		{2C8BBFC2-B740-46F9-9040-F9AA51BC4864}.Debug|Any CPU.Build.0 = Debug|Any CPU
		{2C8BBFC2-B740-46F9-9040-F9AA51BC4864}.Release|Any CPU.ActiveCfg = Release|Any CPU
		{2C8BBFC2-B740-46F9-9040-F9AA51BC4864}.Release|Any CPU.Build.0 = Release|Any CPU
	EndGlobalSection
EndGlobal
